
Microsoft Visual Studio Solution File, Format Version 12.00
# Visual Studio Version 16
VisualStudioVersion = 16.0.33130.400
MinimumVisualStudioVersion = 10.0.40219.1
Project("{FAE04EC0-301F-11D3-BF4B-00C04F79EFBC}") = "ScheduleApp", "ScheduleApp\ScheduleApp.csproj", "{69875F98-4CC1-4B68-B780-9C7DAEF24381}"
EndProject
Project("{FAE04EC0-301F-11D3-BF4B-00C04F79EFBC}") = "ScheduleApp.Core", "ScheduleApp.Core\ScheduleApp.Core.csproj", "{02BEF3B9-0B81-4B84-A3CC-863F27618E06}"
EndProject
Global
	GlobalSection(SolutionConfigurationPlatforms) = preSolution
		Debug|Any CPU = Debug|Any CPU
		Debug|x64 = Debug|x64
		Debug|x86 = Debug|x86
		Release|Any CPU = Release|Any CPU
		Release|x64 = Release|x64
		Release|x86 = Release|x86
	EndGlobalSection
	GlobalSection(ProjectConfigurationPlatforms) = postSolution
		{69875F98-4CC1-4B68-B780-9C7DAEF24381}.Debug|Any CPU.ActiveCfg = Debug|Any CPU
		{69875F98-4CC1-4B68-B780-9C7DAEF24381}.Debug|Any CPU.Build.0 = Debug|Any CPU
		{69875F98-4CC1-4B68-B780-9C7DAEF24381}.Debug|x64.ActiveCfg = Debug|Any CPU
		{69875F98-4CC1-4B68-B780-9C7DAEF24381}.Debug|x64.Build.0 = Debug|Any CPU
		{69875F98-4CC1-4B68-B780-9C7DAEF24381}.Debug|x86.ActiveCfg = Debug|Any CPU
		{69875F98-4CC1-4B68-B780-9C7DAEF24381}.Debug|x86.Build.0 = Debug|Any CPU
		{69875F98-4CC1-4B68-B780-9C7DAEF24381}.Release|Any CPU.ActiveCfg = Release|Any CPU
		{69875F98-4CC1-4B68-B780-9C7DAEF24381}.Release|Any CPU.Build.0 = Release|Any CPU
		{69875F98-4CC1-4B68-B780-9C7DAEF24381}.Release|x64.ActiveCfg = Release|Any CPU
		{69875F98-4CC1-4B68-B780-9C7DAEF24381}.Release|x64.Build.0 = Release|Any CPU
		{69875F98-4CC1-4B68-B780-9C7DAEF24381}.Release|x86.ActiveCfg = Release|Any CPU
		{69875F98-4CC1-4B68-B780-9C7DAEF24381}.Release|x86.Build.0 = Release|Any CPU
		{02BEF3B9-0B81-4B84-A3CC-863F27618E06}.Debug|Any CPU.ActiveCfg = Debug|Any CPU
		{02BEF3B9-0B81-4B84-A3CC-863F27618E06}.Debug|Any CPU.Build.0 = Debug|Any CPU
		{02BEF3B9-0B81-4B84-A3CC-863F27618E06}.Debug|x64.ActiveCfg = Debug|Any CPU
		{02BEF3B9-0B81-4B84-A3CC-863F27618E06}.Debug|x64.Build.0 = Debug|Any CPU
		{02BEF3B9-0B81-4B84-A3CC-863F27618E06}.Debug|x86.ActiveCfg = Debug|Any CPU
		{02BEF3B9-0B81-4B84-A3CC-863F27618E06}.Debug|x86.Build.0 = Debug|Any CPU
		{02BEF3B9-0B81-4B84-A3CC-863F27618E06}.Release|Any CPU.ActiveCfg = Release|Any CPU
		{02BEF3B9-0B81-4B84-A3CC-863F27618E06}.Release|Any CPU.Build.0 = Release|Any CPU
		{02BEF3B9-0B81-4B84-A3CC-863F27618E06}.Release|x64.ActiveCfg = Release|Any CPU
		{02BEF3B9-0B81-4B84-A3CC-863F27618E06}.Release|x64.Build.0 = Release|Any CPU
		{02BEF3B9-0B81-4B84-A3CC-863F27618E06}.Release|x86.ActiveCfg = Release|Any CPU
		{02BEF3B9-0B81-4B84-A3CC-863F27618E06}.Release|x86.Build.0 = Release|Any CPU
	EndGlobalSection
	GlobalSection(SolutionProperties) = preSolution
		HideSolutionNode = FALSE
	EndGlobalSection
	GlobalSection(ExtensibilityGlobals) = postSolution
		SolutionGuid = {1EC9FDA6-A7AA-4CF5-8A24-97D4033CB518}
	EndGlobalSection
EndGlobal
